
Microsoft Visual Studio Solution File, Format Version 12.00
# Visual Studio 15
VisualStudioVersion = 15.0.28307.1209
MinimumVisualStudioVersion = 10.0.40219.1
Project("{FAE04EC0-301F-11D3-BF4B-00C04F79EFBC}") = "KZDWSB", "KZDWSB\KZDWSB.csproj", "{307539F7-9A1C-4CC1-8CD4-5441DA308EDB}"
EndProject
Project("{8BC9CEB8-8B4A-11D0-8D11-00A0C91BC942}") = "XDMA_PCIE", "XDMA_PCIE\XDMA_PCIE.vcxproj", "{AA043851-01AA-40D7-8937-467085605514}"
EndProject
Project("{8BC9CEB8-8B4A-11D0-8D11-00A0C91BC942}") = "AISDLL", "AISDLL\AISDLL\AISDLL\AISDLL.vcxproj", "{C5A47412-F842-435A-874E-5C88A9DF00A9}"
EndProject
Global
	GlobalSection(SolutionConfigurationPlatforms) = preSolution
		Debug|Any CPU = Debug|Any CPU
		Debug|Mixed Platforms = Debug|Mixed Platforms
		Debug|Win32 = Debug|Win32
		Debug|x64 = Debug|x64
		Debug|x86 = Debug|x86
		Release|Any CPU = Release|Any CPU
		Release|Mixed Platforms = Release|Mixed Platforms
		Release|Win32 = Release|Win32
		Release|x64 = Release|x64
		Release|x86 = Release|x86
		Template|Any CPU = Template|Any CPU
		Template|Mixed Platforms = Template|Mixed Platforms
		Template|Win32 = Template|Win32
		Template|x64 = Template|x64
		Template|x86 = Template|x86
		Visual Basic Debug|Any CPU = Visual Basic Debug|Any CPU
		Visual Basic Debug|Mixed Platforms = Visual Basic Debug|Mixed Platforms
		Visual Basic Debug|Win32 = Visual Basic Debug|Win32
		Visual Basic Debug|x64 = Visual Basic Debug|x64
		Visual Basic Debug|x86 = Visual Basic Debug|x86
		Visual Basic Release|Any CPU = Visual Basic Release|Any CPU
		Visual Basic Release|Mixed Platforms = Visual Basic Release|Mixed Platforms
		Visual Basic Release|Win32 = Visual Basic Release|Win32
		Visual Basic Release|x64 = Visual Basic Release|x64
		Visual Basic Release|x86 = Visual Basic Release|x86
	EndGlobalSection
	GlobalSection(ProjectConfigurationPlatforms) = postSolution
		{307539F7-9A1C-4CC1-8CD4-5441DA308EDB}.Debug|Any CPU.ActiveCfg = Debug|Any CPU
		{307539F7-9A1C-4CC1-8CD4-5441DA308EDB}.Debug|Any CPU.Build.0 = Debug|Any CPU
		{307539F7-9A1C-4CC1-8CD4-5441DA308EDB}.Debug|Mixed Platforms.ActiveCfg = Debug|Any CPU
		{307539F7-9A1C-4CC1-8CD4-5441DA308EDB}.Debug|Mixed Platforms.Build.0 = Debug|Any CPU
		{307539F7-9A1C-4CC1-8CD4-5441DA308EDB}.Debug|Win32.ActiveCfg = Debug|Any CPU
		{307539F7-9A1C-4CC1-8CD4-5441DA308EDB}.Debug|x64.ActiveCfg = Debug|Any CPU
		{307539F7-9A1C-4CC1-8CD4-5441DA308EDB}.Debug|x86.ActiveCfg = Debug|Any CPU
		{307539F7-9A1C-4CC1-8CD4-5441DA308EDB}.Release|Any CPU.ActiveCfg = Release|Any CPU
		{307539F7-9A1C-4CC1-8CD4-5441DA308EDB}.Release|Any CPU.Build.0 = Release|Any CPU
		{307539F7-9A1C-4CC1-8CD4-5441DA308EDB}.Release|Mixed Platforms.ActiveCfg = Release|Any CPU
		{307539F7-9A1C-4CC1-8CD4-5441DA308EDB}.Release|Mixed Platforms.Build.0 = Release|Any CPU
		{307539F7-9A1C-4CC1-8CD4-5441DA308EDB}.Release|Win32.ActiveCfg = Release|Any CPU
		{307539F7-9A1C-4CC1-8CD4-5441DA308EDB}.Release|x64.ActiveCfg = Release|Any CPU
		{307539F7-9A1C-4CC1-8CD4-5441DA308EDB}.Release|x86.ActiveCfg = Release|Any CPU
		{307539F7-9A1C-4CC1-8CD4-5441DA308EDB}.Template|Any CPU.ActiveCfg = Release|Any CPU
		{307539F7-9A1C-4CC1-8CD4-5441DA308EDB}.Template|Any CPU.Build.0 = Release|Any CPU
		{307539F7-9A1C-4CC1-8CD4-5441DA308EDB}.Template|Mixed Platforms.ActiveCfg = Release|Any CPU
		{307539F7-9A1C-4CC1-8CD4-5441DA308EDB}.Template|Mixed Platforms.Build.0 = Release|Any CPU
		{307539F7-9A1C-4CC1-8CD4-5441DA308EDB}.Template|Win32.ActiveCfg = Release|Any CPU
		{307539F7-9A1C-4CC1-8CD4-5441DA308EDB}.Template|x64.ActiveCfg = Release|Any CPU
		{307539F7-9A1C-4CC1-8CD4-5441DA308EDB}.Template|x86.ActiveCfg = Release|Any CPU
		{307539F7-9A1C-4CC1-8CD4-5441DA308EDB}.Visual Basic Debug|Any CPU.ActiveCfg = Debug|Any CPU
		{307539F7-9A1C-4CC1-8CD4-5441DA308EDB}.Visual Basic Debug|Any CPU.Build.0 = Debug|Any CPU
		{307539F7-9A1C-4CC1-8CD4-5441DA308EDB}.Visual Basic Debug|Mixed Platforms.ActiveCfg = Debug|Any CPU
		{307539F7-9A1C-4CC1-8CD4-5441DA308EDB}.Visual Basic Debug|Mixed Platforms.Build.0 = Debug|Any CPU
		{307539F7-9A1C-4CC1-8CD4-5441DA308EDB}.Visual Basic Debug|Win32.ActiveCfg = Debug|Any CPU
		{307539F7-9A1C-4CC1-8CD4-5441DA308EDB}.Visual Basic Debug|x64.ActiveCfg = Debug|Any CPU
		{307539F7-9A1C-4CC1-8CD4-5441DA308EDB}.Visual Basic Debug|x86.ActiveCfg = Debug|Any CPU
		{307539F7-9A1C-4CC1-8CD4-5441DA308EDB}.Visual Basic Release|Any CPU.ActiveCfg = Release|Any CPU
		{307539F7-9A1C-4CC1-8CD4-5441DA308EDB}.Visual Basic Release|Any CPU.Build.0 = Release|Any CPU
		{307539F7-9A1C-4CC1-8CD4-5441DA308EDB}.Visual Basic Release|Mixed Platforms.ActiveCfg = Release|Any CPU
		{307539F7-9A1C-4CC1-8CD4-5441DA308EDB}.Visual Basic Release|Mixed Platforms.Build.0 = Release|Any CPU
		{307539F7-9A1C-4CC1-8CD4-5441DA308EDB}.Visual Basic Release|Win32.ActiveCfg = Release|Any CPU
		{307539F7-9A1C-4CC1-8CD4-5441DA308EDB}.Visual Basic Release|x64.ActiveCfg = Release|Any CPU
		{307539F7-9A1C-4CC1-8CD4-5441DA308EDB}.Visual Basic Release|x86.ActiveCfg = Release|Any CPU
		{AA043851-01AA-40D7-8937-467085605514}.Debug|Any CPU.ActiveCfg = Debug|Win32
		{AA043851-01AA-40D7-8937-467085605514}.Debug|Mixed Platforms.ActiveCfg = Debug|Win32
		{AA043851-01AA-40D7-8937-467085605514}.Debug|Mixed Platforms.Build.0 = Debug|Win32
		{AA043851-01AA-40D7-8937-467085605514}.Debug|Win32.ActiveCfg = Debug|Win32
		{AA043851-01AA-40D7-8937-467085605514}.Debug|Win32.Build.0 = Debug|Win32
		{AA043851-01AA-40D7-8937-467085605514}.Debug|x64.ActiveCfg = Debug|x64
		{AA043851-01AA-40D7-8937-467085605514}.Debug|x64.Build.0 = Debug|x64
		{AA043851-01AA-40D7-8937-467085605514}.Debug|x86.ActiveCfg = Debug|Win32
		{AA043851-01AA-40D7-8937-467085605514}.Debug|x86.Build.0 = Debug|Win32
		{AA043851-01AA-40D7-8937-467085605514}.Release|Any CPU.ActiveCfg = Release|Win32
		{AA043851-01AA-40D7-8937-467085605514}.Release|Mixed Platforms.ActiveCfg = Release|Win32
		{AA043851-01AA-40D7-8937-467085605514}.Release|Mixed Platforms.Build.0 = Release|Win32
		{AA043851-01AA-40D7-8937-467085605514}.Release|Win32.ActiveCfg = Release|Win32
		{AA043851-01AA-40D7-8937-467085605514}.Release|Win32.Build.0 = Release|Win32
		{AA043851-01AA-40D7-8937-467085605514}.Release|x64.ActiveCfg = Release|x64
		{AA043851-01AA-40D7-8937-467085605514}.Release|x64.Build.0 = Release|x64
		{AA043851-01AA-40D7-8937-467085605514}.Release|x86.ActiveCfg = Release|Win32
		{AA043851-01AA-40D7-8937-467085605514}.Release|x86.Build.0 = Release|Win32
		{AA043851-01AA-40D7-8937-467085605514}.Template|Any CPU.ActiveCfg = Debug|Win32
		{AA043851-01AA-40D7-8937-467085605514}.Template|Any CPU.Build.0 = Debug|Win32
		{AA043851-01AA-40D7-8937-467085605514}.Template|Mixed Platforms.ActiveCfg = Debug|Win32
		{AA043851-01AA-40D7-8937-467085605514}.Template|Mixed Platforms.Build.0 = Debug|Win32
		{AA043851-01AA-40D7-8937-467085605514}.Template|Win32.ActiveCfg = Debug|Win32
		{AA043851-01AA-40D7-8937-467085605514}.Template|Win32.Build.0 = Debug|Win32
		{AA043851-01AA-40D7-8937-467085605514}.Template|x64.ActiveCfg = Debug|x64
		{AA043851-01AA-40D7-8937-467085605514}.Template|x64.Build.0 = Debug|x64
		{AA043851-01AA-40D7-8937-467085605514}.Template|x86.ActiveCfg = Debug|Win32
		{AA043851-01AA-40D7-8937-467085605514}.Template|x86.Build.0 = Debug|Win32
		{AA043851-01AA-40D7-8937-467085605514}.Visual Basic Debug|Any CPU.ActiveCfg = Debug|Win32
		{AA043851-01AA-40D7-8937-467085605514}.Visual Basic Debug|Any CPU.Build.0 = Debug|Win32
		{AA043851-01AA-40D7-8937-467085605514}.Visual Basic Debug|Mixed Platforms.ActiveCfg = Debug|Win32
		{AA043851-01AA-40D7-8937-467085605514}.Visual Basic Debug|Mixed Platforms.Build.0 = Debug|Win32
		{AA043851-01AA-40D7-8937-467085605514}.Visual Basic Debug|Win32.ActiveCfg = Debug|Win32
		{AA043851-01AA-40D7-8937-467085605514}.Visual Basic Debug|Win32.Build.0 = Debug|Win32
		{AA043851-01AA-40D7-8937-467085605514}.Visual Basic Debug|x64.ActiveCfg = Debug|x64
		{AA043851-01AA-40D7-8937-467085605514}.Visual Basic Debug|x64.Build.0 = Debug|x64
		{AA043851-01AA-40D7-8937-467085605514}.Visual Basic Debug|x86.ActiveCfg = Debug|Win32
		{AA043851-01AA-40D7-8937-467085605514}.Visual Basic Debug|x86.Build.0 = Debug|Win32
		{AA043851-01AA-40D7-8937-467085605514}.Visual Basic Release|Any CPU.ActiveCfg = Debug|Win32
		{AA043851-01AA-40D7-8937-467085605514}.Visual Basic Release|Any CPU.Build.0 = Debug|Win32
		{AA043851-01AA-40D7-8937-467085605514}.Visual Basic Release|Mixed Platforms.ActiveCfg = Release|Win32
		{AA043851-01AA-40D7-8937-467085605514}.Visual Basic Release|Mixed Platforms.Build.0 = Release|Win32
		{AA043851-01AA-40D7-8937-467085605514}.Visual Basic Release|Win32.ActiveCfg = Release|Win32
		{AA043851-01AA-40D7-8937-467085605514}.Visual Basic Release|Win32.Build.0 = Release|Win32
		{AA043851-01AA-40D7-8937-467085605514}.Visual Basic Release|x64.ActiveCfg = Release|x64
		{AA043851-01AA-40D7-8937-467085605514}.Visual Basic Release|x64.Build.0 = Release|x64
		{AA043851-01AA-40D7-8937-467085605514}.Visual Basic Release|x86.ActiveCfg = Release|Win32
		{AA043851-01AA-40D7-8937-467085605514}.Visual Basic Release|x86.Build.0 = Release|Win32
		{C5A47412-F842-435A-874E-5C88A9DF00A9}.Debug|Any CPU.ActiveCfg = Debug|Win32
		{C5A47412-F842-435A-874E-5C88A9DF00A9}.Debug|Mixed Platforms.ActiveCfg = Debug|Win32
		{C5A47412-F842-435A-874E-5C88A9DF00A9}.Debug|Mixed Platforms.Build.0 = Debug|Win32
		{C5A47412-F842-435A-874E-5C88A9DF00A9}.Debug|Win32.ActiveCfg = Debug|Win32
		{C5A47412-F842-435A-874E-5C88A9DF00A9}.Debug|Win32.Build.0 = Debug|Win32
		{C5A47412-F842-435A-874E-5C88A9DF00A9}.Debug|x64.ActiveCfg = Debug|x64
		{C5A47412-F842-435A-874E-5C88A9DF00A9}.Debug|x64.Build.0 = Debug|x64
		{C5A47412-F842-435A-874E-5C88A9DF00A9}.Debug|x86.ActiveCfg = Debug|Win32
		{C5A47412-F842-435A-874E-5C88A9DF00A9}.Debug|x86.Build.0 = Debug|Win32
		{C5A47412-F842-435A-874E-5C88A9DF00A9}.Release|Any CPU.ActiveCfg = Release|Win32
		{C5A47412-F842-435A-874E-5C88A9DF00A9}.Release|Mixed Platforms.ActiveCfg = Release|Win32
		{C5A47412-F842-435A-874E-5C88A9DF00A9}.Release|Mixed Platforms.Build.0 = Release|Win32
		{C5A47412-F842-435A-874E-5C88A9DF00A9}.Release|Win32.ActiveCfg = Release|Win32
		{C5A47412-F842-435A-874E-5C88A9DF00A9}.Release|Win32.Build.0 = Release|Win32
		{C5A47412-F842-435A-874E-5C88A9DF00A9}.Release|x64.ActiveCfg = Release|x64
		{C5A47412-F842-435A-874E-5C88A9DF00A9}.Release|x64.Build.0 = Release|x64
		{C5A47412-F842-435A-874E-5C88A9DF00A9}.Release|x86.ActiveCfg = Release|Win32
		{C5A47412-F842-435A-874E-5C88A9DF00A9}.Release|x86.Build.0 = Release|Win32
		{C5A47412-F842-435A-874E-5C88A9DF00A9}.Template|Any CPU.ActiveCfg = Release|x64
		{C5A47412-F842-435A-874E-5C88A9DF00A9}.Template|Any CPU.Build.0 = Release|x64
		{C5A47412-F842-435A-874E-5C88A9DF00A9}.Template|Mixed Platforms.ActiveCfg = Release|Win32
		{C5A47412-F842-435A-874E-5C88A9DF00A9}.Template|Mixed Platforms.Build.0 = Release|Win32
		{C5A47412-F842-435A-874E-5C88A9DF00A9}.Template|Win32.ActiveCfg = Release|Win32
		{C5A47412-F842-435A-874E-5C88A9DF00A9}.Template|Win32.Build.0 = Release|Win32
		{C5A47412-F842-435A-874E-5C88A9DF00A9}.Template|x64.ActiveCfg = Release|x64
		{C5A47412-F842-435A-874E-5C88A9DF00A9}.Template|x64.Build.0 = Release|x64
		{C5A47412-F842-435A-874E-5C88A9DF00A9}.Template|x86.ActiveCfg = Release|Win32
		{C5A47412-F842-435A-874E-5C88A9DF00A9}.Template|x86.Build.0 = Release|Win32
		{C5A47412-F842-435A-874E-5C88A9DF00A9}.Visual Basic Debug|Any CPU.ActiveCfg = Release|x64
		{C5A47412-F842-435A-874E-5C88A9DF00A9}.Visual Basic Debug|Any CPU.Build.0 = Release|x64
		{C5A47412-F842-435A-874E-5C88A9DF00A9}.Visual Basic Debug|Mixed Platforms.ActiveCfg = Debug|Win32
		{C5A47412-F842-435A-874E-5C88A9DF00A9}.Visual Basic Debug|Mixed Platforms.Build.0 = Debug|Win32
		{C5A47412-F842-435A-874E-5C88A9DF00A9}.Visual Basic Debug|Win32.ActiveCfg = Debug|Win32
		{C5A47412-F842-435A-874E-5C88A9DF00A9}.Visual Basic Debug|Win32.Build.0 = Debug|Win32
		{C5A47412-F842-435A-874E-5C88A9DF00A9}.Visual Basic Debug|x64.ActiveCfg = Debug|x64
		{C5A47412-F842-435A-874E-5C88A9DF00A9}.Visual Basic Debug|x64.Build.0 = Debug|x64
		{C5A47412-F842-435A-874E-5C88A9DF00A9}.Visual Basic Debug|x86.ActiveCfg = Debug|Win32
		{C5A47412-F842-435A-874E-5C88A9DF00A9}.Visual Basic Debug|x86.Build.0 = Debug|Win32
		{C5A47412-F842-435A-874E-5C88A9DF00A9}.Visual Basic Release|Any CPU.ActiveCfg = Release|x64
		{C5A47412-F842-435A-874E-5C88A9DF00A9}.Visual Basic Release|Any CPU.Build.0 = Release|x64
		{C5A47412-F842-435A-874E-5C88A9DF00A9}.Visual Basic Release|Mixed Platforms.ActiveCfg = Release|Win32
		{C5A47412-F842-435A-874E-5C88A9DF00A9}.Visual Basic Release|Mixed Platforms.Build.0 = Release|Win32
		{C5A47412-F842-435A-874E-5C88A9DF00A9}.Visual Basic Release|Win32.ActiveCfg = Release|Win32
		{C5A47412-F842-435A-874E-5C88A9DF00A9}.Visual Basic Release|Win32.Build.0 = Release|Win32
		{C5A47412-F842-435A-874E-5C88A9DF00A9}.Visual Basic Release|x64.ActiveCfg = Release|x64
		{C5A47412-F842-435A-874E-5C88A9DF00A9}.Visual Basic Release|x64.Build.0 = Release|x64
		{C5A47412-F842-435A-874E-5C88A9DF00A9}.Visual Basic Release|x86.ActiveCfg = Release|Win32
		{C5A47412-F842-435A-874E-5C88A9DF00A9}.Visual Basic Release|x86.Build.0 = Release|Win32
	EndGlobalSection
	GlobalSection(SolutionProperties) = preSolution
		HideSolutionNode = FALSE
	EndGlobalSection
	GlobalSection(ExtensibilityGlobals) = postSolution
		SolutionGuid = {F016EB01-B7B1-4368-AB80-939EEFB62962}
	EndGlobalSection
EndGlobal
